
Microsoft Visual Studio Solution File, Format Version 12.00
# Visual Studio 14
VisualStudioVersion = 14.0.24720.0
MinimumVisualStudioVersion = 10.0.40219.1
Project("{2150E333-8FDC-42A3-9474-1A3956D46DE8}") = "01.Client", "01.Client", "{483493FC-6770-4C3E-A15D-044434621961}"
EndProject
Project("{2150E333-8FDC-42A3-9474-1A3956D46DE8}") = "02.Business", "02.Business", "{436A5C09-D7B6-4C9C-A8FB-6FF8EB23FF5C}"
EndProject
Project("{2150E333-8FDC-42A3-9474-1A3956D46DE8}") = "04.DataConext", "04.DataConext", "{4B882CCD-5563-429B-B90B-E119B88A3189}"
EndProject
Project("{2150E333-8FDC-42A3-9474-1A3956D46DE8}") = "05.TestApp", "05.TestApp", "{024AD790-6573-4168-BE87-CC64F5D386AB}"
EndProject
Project("{FAE04EC0-301F-11D3-BF4B-00C04F79EFBC}") = "Presenter", "Presenter\Presenter.csproj", "{D6DFB13F-1600-4477-8EB5-CD9072D1ED12}"
EndProject
Project("{FAE04EC0-301F-11D3-BF4B-00C04F79EFBC}") = "IView", "IView\IView.csproj", "{94F82D9C-1BE9-4792-916C-6FA834A81494}"
EndProject
Project("{FAE04EC0-301F-11D3-BF4B-00C04F79EFBC}") = "Model", "Model\Model.csproj", "{9BCC17A3-A188-43B3-912A-549ED2F5A008}"
EndProject
Project("{FAE04EC0-301F-11D3-BF4B-00C04F79EFBC}") = "TestApp", "TestApp\TestApp.csproj", "{ED0721B0-0C1E-4DE2-8E86-075489408C24}"
EndProject
Project("{FAE04EC0-301F-11D3-BF4B-00C04F79EFBC}") = "WebApp", "WebApp\WebApp.csproj", "{AEA374C9-B8F4-4B7D-87D9-7DCFC5C3D3B6}"
EndProject
Project("{2150E333-8FDC-42A3-9474-1A3956D46DE8}") = "06.General", "06.General", "{8E0E8A6F-A7D0-4D9B-A3FE-91D138DC5A88}"
EndProject
Project("{FAE04EC0-301F-11D3-BF4B-00C04F79EFBC}") = "Constantes", "Constantes\Constantes.csproj", "{736EAC34-B36D-4CC1-B387-01E31C452829}"
EndProject
Project("{2150E333-8FDC-42A3-9474-1A3956D46DE8}") = "07.DTOs", "07.DTOs", "{2A956318-68B2-410A-9F80-F51B3AC9D72B}"
EndProject
Project("{FAE04EC0-301F-11D3-BF4B-00C04F79EFBC}") = "DTOs", "DTOs\DTOs.csproj", "{FB12F56B-BD8B-43DC-878D-D2C96B1A3166}"
EndProject
Global
	GlobalSection(SolutionConfigurationPlatforms) = preSolution
		Debug|Any CPU = Debug|Any CPU
		Release|Any CPU = Release|Any CPU
	EndGlobalSection
	GlobalSection(ProjectConfigurationPlatforms) = postSolution
		{D6DFB13F-1600-4477-8EB5-CD9072D1ED12}.Debug|Any CPU.ActiveCfg = Debug|Any CPU
		{D6DFB13F-1600-4477-8EB5-CD9072D1ED12}.Debug|Any CPU.Build.0 = Debug|Any CPU
		{D6DFB13F-1600-4477-8EB5-CD9072D1ED12}.Release|Any CPU.ActiveCfg = Release|Any CPU
		{D6DFB13F-1600-4477-8EB5-CD9072D1ED12}.Release|Any CPU.Build.0 = Release|Any CPU
		{94F82D9C-1BE9-4792-916C-6FA834A81494}.Debug|Any CPU.ActiveCfg = Debug|Any CPU
		{94F82D9C-1BE9-4792-916C-6FA834A81494}.Debug|Any CPU.Build.0 = Debug|Any CPU
		{94F82D9C-1BE9-4792-916C-6FA834A81494}.Release|Any CPU.ActiveCfg = Release|Any CPU
		{94F82D9C-1BE9-4792-916C-6FA834A81494}.Release|Any CPU.Build.0 = Release|Any CPU
		{9BCC17A3-A188-43B3-912A-549ED2F5A008}.Debug|Any CPU.ActiveCfg = Debug|Any CPU
		{9BCC17A3-A188-43B3-912A-549ED2F5A008}.Debug|Any CPU.Build.0 = Debug|Any CPU
		{9BCC17A3-A188-43B3-912A-549ED2F5A008}.Release|Any CPU.ActiveCfg = Release|Any CPU
		{9BCC17A3-A188-43B3-912A-549ED2F5A008}.Release|Any CPU.Build.0 = Release|Any CPU
		{ED0721B0-0C1E-4DE2-8E86-075489408C24}.Debug|Any CPU.ActiveCfg = Debug|Any CPU
		{ED0721B0-0C1E-4DE2-8E86-075489408C24}.Debug|Any CPU.Build.0 = Debug|Any CPU
		{ED0721B0-0C1E-4DE2-8E86-075489408C24}.Release|Any CPU.ActiveCfg = Release|Any CPU
		{ED0721B0-0C1E-4DE2-8E86-075489408C24}.Release|Any CPU.Build.0 = Release|Any CPU
		{AEA374C9-B8F4-4B7D-87D9-7DCFC5C3D3B6}.Debug|Any CPU.ActiveCfg = Debug|Any CPU
		{AEA374C9-B8F4-4B7D-87D9-7DCFC5C3D3B6}.Debug|Any CPU.Build.0 = Debug|Any CPU
		{AEA374C9-B8F4-4B7D-87D9-7DCFC5C3D3B6}.Release|Any CPU.ActiveCfg = Release|Any CPU
		{AEA374C9-B8F4-4B7D-87D9-7DCFC5C3D3B6}.Release|Any CPU.Build.0 = Release|Any CPU
		{736EAC34-B36D-4CC1-B387-01E31C452829}.Debug|Any CPU.ActiveCfg = Debug|Any CPU
		{736EAC34-B36D-4CC1-B387-01E31C452829}.Debug|Any CPU.Build.0 = Debug|Any CPU
		{736EAC34-B36D-4CC1-B387-01E31C452829}.Release|Any CPU.ActiveCfg = Release|Any CPU
		{736EAC34-B36D-4CC1-B387-01E31C452829}.Release|Any CPU.Build.0 = Release|Any CPU
		{FB12F56B-BD8B-43DC-878D-D2C96B1A3166}.Debug|Any CPU.ActiveCfg = Debug|Any CPU
		{FB12F56B-BD8B-43DC-878D-D2C96B1A3166}.Debug|Any CPU.Build.0 = Debug|Any CPU
		{FB12F56B-BD8B-43DC-878D-D2C96B1A3166}.Release|Any CPU.ActiveCfg = Release|Any CPU
		{FB12F56B-BD8B-43DC-878D-D2C96B1A3166}.Release|Any CPU.Build.0 = Release|Any CPU
	EndGlobalSection
	GlobalSection(SolutionProperties) = preSolution
		HideSolutionNode = FALSE
	EndGlobalSection
	GlobalSection(NestedProjects) = preSolution
		{D6DFB13F-1600-4477-8EB5-CD9072D1ED12} = {436A5C09-D7B6-4C9C-A8FB-6FF8EB23FF5C}
		{94F82D9C-1BE9-4792-916C-6FA834A81494} = {436A5C09-D7B6-4C9C-A8FB-6FF8EB23FF5C}
		{9BCC17A3-A188-43B3-912A-549ED2F5A008} = {4B882CCD-5563-429B-B90B-E119B88A3189}
		{ED0721B0-0C1E-4DE2-8E86-075489408C24} = {024AD790-6573-4168-BE87-CC64F5D386AB}
		{AEA374C9-B8F4-4B7D-87D9-7DCFC5C3D3B6} = {483493FC-6770-4C3E-A15D-044434621961}
		{736EAC34-B36D-4CC1-B387-01E31C452829} = {8E0E8A6F-A7D0-4D9B-A3FE-91D138DC5A88}
		{FB12F56B-BD8B-43DC-878D-D2C96B1A3166} = {2A956318-68B2-410A-9F80-F51B3AC9D72B}
	EndGlobalSection
EndGlobal
